
Microsoft Visual Studio Solution File, Format Version 12.00
# Visual Studio 15
VisualStudioVersion = 15.0.27130.2024
MinimumVisualStudioVersion = 10.0.40219.1
Project("{FAE04EC0-301F-11D3-BF4B-00C04F79EFBC}") = "yycfp", "yycfp\yycfp.csproj", "{E938BDC8-5FAA-44A4-BE1B-CCE1B5550911}"
EndProject
Global
	GlobalSection(SolutionConfigurationPlatforms) = preSolution
		Debug|Any CPU = Debug|Any CPU
		Release|Any CPU = Release|Any CPU
	EndGlobalSection
	GlobalSection(ProjectConfigurationPlatforms) = postSolution
		{E938BDC8-5FAA-44A4-BE1B-CCE1B5550911}.Debug|Any CPU.ActiveCfg = Debug|Any CPU
		{E938BDC8-5FAA-44A4-BE1B-CCE1B5550911}.Debug|Any CPU.Build.0 = Debug|Any CPU
		{E938BDC8-5FAA-44A4-BE1B-CCE1B5550911}.Release|Any CPU.ActiveCfg = Release|Any CPU
		{E938BDC8-5FAA-44A4-BE1B-CCE1B5550911}.Release|Any CPU.Build.0 = Release|Any CPU
	EndGlobalSection
	GlobalSection(SolutionProperties) = preSolution
		HideSolutionNode = FALSE
	EndGlobalSection
	GlobalSection(ExtensibilityGlobals) = postSolution
		SolutionGuid = {FCE52064-1ED3-44C8-9101-93D7B1CE1F3D}
	EndGlobalSection
EndGlobal
